<?xml version="1.0" encoding="utf-8"?>
<Project ToolsVersion="4.0" xmlns="http://schemas.microsoft.com/developer/msbuild/2003">
  <ItemGroup>
    <Filter Include="src">
      <UniqueIdentifier>{6816f2f4-09da-446d-bb03-b3d2a2093e37}</UniqueIdentifier>
    </Filter>
    <Filter Include="shaders">
      <UniqueIdentifier>{5733b9ec-8bbc-47f2-ba7e-82b2f9eb2ce9}</UniqueIdentifier>
    </Filter>
    <Filter Include="src\Includes">
      <UniqueIdentifier>{7436b832-f06f-48b6-a0de-98b2d931873f}</UniqueIdentifier>
    </Filter>
  </ItemGroup>
  <ItemGroup>
    <ClInclude Include="scr\BOX.h">
      <Filter>src\Includes</Filter>
    </ClInclude>
    <ClInclude Include="scr\Camera.h">
      <Filter>src\Includes</Filter>
    </ClInclude>
    <ClInclude Include="scr\Entity.h">
      <Filter>src\Includes</Filter>
    </ClInclude>
    <ClInclude Include="scr\Object.h">
      <Filter>src\Includes</Filter>
    </ClInclude>
  </ItemGroup>
  <ItemGroup>
    <ClCompile Include="scr\main.cpp">
      <Filter>src</Filter>
    </ClCompile>
    <ClCompile Include="scr\Entity.cpp">
      <Filter>src</Filter>
    </ClCompile>
    <ClCompile Include="scr\Camera.cpp">
      <Filter>src</Filter>
    </ClCompile>
    <ClCompile Include="scr\Object.cpp">
      <Filter>src</Filter>
    </ClCompile>
  </ItemGroup>
  <ItemGroup>
    <None Include="..\shaders_P1\shader_allvariables.frag">
      <Filter>shaders</Filter>
    </None>
    <None Include="..\shaders_P1\shader_allvariables.vert">
      <Filter>shaders</Filter>
    </None>
    <None Include="..\shaders_P1\shader.v0.frag">
      <Filter>shaders</Filter>
    </None>
    <None Include="..\shaders_P1\shader.v0.vert">
      <Filter>shaders</Filter>
    </None>
    <None Include="..\shaders_P1\shader.v1.vert">
      <Filter>shaders</Filter>
    </None>
    <None Include="..\shaders_P1\shader.v1.frag">
      <Filter>shaders</Filter>
    </None>
    <None Include="..\shaders_P1\shader.v5.vert">
      <Filter>shaders</Filter>
    </None>
    <None Include="..\shaders_P1\shader.v2.frag">
      <Filter>shaders</Filter>
    </None>
    <None Include="..\shaders_P1\shader.v2.vert">
      <Filter>shaders</Filter>
    </None>
    <None Include="..\shaders_P1\shader.v5.frag">
      <Filter>shaders</Filter>
    </None>
    <None Include="..\shaders_P1\shader.v8.frag">
      <Filter>shaders</Filter>
    </None>
    <None Include="..\shaders_P1\shader.v8.vert">
      <Filter>shaders</Filter>
    </None>
  </ItemGroup>
</Project>